
Microsoft Visual Studio Solution File, Format Version 12.00
# Visual Studio 14
VisualStudioVersion = 14.0.25420.1
MinimumVisualStudioVersion = 10.0.40219.1
Project("{FAE04EC0-301F-11D3-BF4B-00C04F79EFBC}") = "treelayer", "treelayer\treelayer.csproj", "{95A6E263-DA17-48F3-98D9-E10FC341A087}"
EndProject
Project("{FAE04EC0-301F-11D3-BF4B-00C04F79EFBC}") = "BL", "BL\BL.csproj", "{854E9B92-085D-439E-94E6-D3434A53B571}"
EndProject
Project("{FAE04EC0-301F-11D3-BF4B-00C04F79EFBC}") = "DA", "DA\DA.csproj", "{502DC5D6-4850-4BBC-9329-F28F2AD247B9}"
EndProject
Global
	GlobalSection(SolutionConfigurationPlatforms) = preSolution
		Debug|Any CPU = Debug|Any CPU
		Release|Any CPU = Release|Any CPU
	EndGlobalSection
	GlobalSection(ProjectConfigurationPlatforms) = postSolution
		{95A6E263-DA17-48F3-98D9-E10FC341A087}.Debug|Any CPU.ActiveCfg = Debug|Any CPU
		{95A6E263-DA17-48F3-98D9-E10FC341A087}.Debug|Any CPU.Build.0 = Debug|Any CPU
		{95A6E263-DA17-48F3-98D9-E10FC341A087}.Release|Any CPU.ActiveCfg = Release|Any CPU
		{95A6E263-DA17-48F3-98D9-E10FC341A087}.Release|Any CPU.Build.0 = Release|Any CPU
		{854E9B92-085D-439E-94E6-D3434A53B571}.Debug|Any CPU.ActiveCfg = Debug|Any CPU
		{854E9B92-085D-439E-94E6-D3434A53B571}.Debug|Any CPU.Build.0 = Debug|Any CPU
		{854E9B92-085D-439E-94E6-D3434A53B571}.Release|Any CPU.ActiveCfg = Release|Any CPU
		{854E9B92-085D-439E-94E6-D3434A53B571}.Release|Any CPU.Build.0 = Release|Any CPU
		{502DC5D6-4850-4BBC-9329-F28F2AD247B9}.Debug|Any CPU.ActiveCfg = Debug|Any CPU
		{502DC5D6-4850-4BBC-9329-F28F2AD247B9}.Debug|Any CPU.Build.0 = Debug|Any CPU
		{502DC5D6-4850-4BBC-9329-F28F2AD247B9}.Release|Any CPU.ActiveCfg = Release|Any CPU
		{502DC5D6-4850-4BBC-9329-F28F2AD247B9}.Release|Any CPU.Build.0 = Release|Any CPU
	EndGlobalSection
	GlobalSection(SolutionProperties) = preSolution
		HideSolutionNode = FALSE
	EndGlobalSection
EndGlobal
